
Microsoft Visual Studio Solution File, Format Version 12.00
# Visual Studio Version 17
VisualStudioVersion = 17.9.34714.143
MinimumVisualStudioVersion = 10.0.40219.1
Project("{9A19103F-16F7-4668-BE54-9A1E7A4F7556}") = "01ReverseNumbersStack", "01ReverseNumbersStack\01ReverseNumbersStack.csproj", "{E1A4EB33-DA6A-4525-80DF-4C737F7194CD}"
EndProject
Project("{9A19103F-16F7-4668-BE54-9A1E7A4F7556}") = "02BasicStackOperations", "02BasicStackOperations\02BasicStackOperations.csproj", "{6964B5B7-5883-4E3E-BF84-73EA63582A8F}"
EndProject
Project("{9A19103F-16F7-4668-BE54-9A1E7A4F7556}") = "03Browser", "03Browser\03Browser.csproj", "{A79FFAAB-699F-4BE5-8FA7-D341F4C21DC6}"
EndProject
Project("{9A19103F-16F7-4668-BE54-9A1E7A4F7556}") = "04SimpleCalculator", "04SimpleCalculator\04SimpleCalculator.csproj", "{150A1392-2CA9-49BA-A2B8-1795DD848769}"
EndProject
Project("{9A19103F-16F7-4668-BE54-9A1E7A4F7556}") = "05DecimalToBinaryConverter", "05DecimalToBinaryConverter\05DecimalToBinaryConverter.csproj", "{44C0068E-EEBE-40C7-A7C2-D9C72C2D7D77}"
EndProject
Project("{9A19103F-16F7-4668-BE54-9A1E7A4F7556}") = "06MatchingBrackets", "06MatchingBrackets\06MatchingBrackets.csproj", "{F9F2F61A-4806-4650-8A3A-D6BEFFB5A8F1}"
EndProject
Project("{9A19103F-16F7-4668-BE54-9A1E7A4F7556}") = "07PrinterQueue", "07PrinterQueue\07PrinterQueue.csproj", "{03A45F39-D928-467C-B409-AE3371967F3C}"
EndProject
Project("{FAE04EC0-301F-11D3-BF4B-00C04F79EFBC}") = "08BalancedParentheses", "08BalancedParentheses\08BalancedParentheses.csproj", "{5961B15F-37F4-4DBD-9E82-5FB79206E945}"
EndProject
Project("{FAE04EC0-301F-11D3-BF4B-00C04F79EFBC}") = "09HotPotato", "09HotPotato\09HotPotato.csproj", "{9A3C9D73-18B5-4FF2-8157-3B0A0F8C9B37}"
EndProject
Project("{FAE04EC0-301F-11D3-BF4B-00C04F79EFBC}") = "10MaximumElement", "10MaximumElement\10MaximumElement.csproj", "{DA5CA41D-A31D-403D-9FEA-4958AC5D0044}"
EndProject
Project("{FAE04EC0-301F-11D3-BF4B-00C04F79EFBC}") = "11BasicQueueOperations", "11BasicQueueOperations\11BasicQueueOperations.csproj", "{5190FE84-5B67-4AB9-9124-757C400C3F49}"
EndProject
Global
	GlobalSection(SolutionConfigurationPlatforms) = preSolution
		Debug|Any CPU = Debug|Any CPU
		Release|Any CPU = Release|Any CPU
	EndGlobalSection
	GlobalSection(ProjectConfigurationPlatforms) = postSolution
		{E1A4EB33-DA6A-4525-80DF-4C737F7194CD}.Debug|Any CPU.ActiveCfg = Debug|Any CPU
		{E1A4EB33-DA6A-4525-80DF-4C737F7194CD}.Debug|Any CPU.Build.0 = Debug|Any CPU
		{E1A4EB33-DA6A-4525-80DF-4C737F7194CD}.Release|Any CPU.ActiveCfg = Release|Any CPU
		{E1A4EB33-DA6A-4525-80DF-4C737F7194CD}.Release|Any CPU.Build.0 = Release|Any CPU
		{6964B5B7-5883-4E3E-BF84-73EA63582A8F}.Debug|Any CPU.ActiveCfg = Debug|Any CPU
		{6964B5B7-5883-4E3E-BF84-73EA63582A8F}.Debug|Any CPU.Build.0 = Debug|Any CPU
		{6964B5B7-5883-4E3E-BF84-73EA63582A8F}.Release|Any CPU.ActiveCfg = Release|Any CPU
		{6964B5B7-5883-4E3E-BF84-73EA63582A8F}.Release|Any CPU.Build.0 = Release|Any CPU
		{A79FFAAB-699F-4BE5-8FA7-D341F4C21DC6}.Debug|Any CPU.ActiveCfg = Debug|Any CPU
		{A79FFAAB-699F-4BE5-8FA7-D341F4C21DC6}.Debug|Any CPU.Build.0 = Debug|Any CPU
		{A79FFAAB-699F-4BE5-8FA7-D341F4C21DC6}.Release|Any CPU.ActiveCfg = Release|Any CPU
		{A79FFAAB-699F-4BE5-8FA7-D341F4C21DC6}.Release|Any CPU.Build.0 = Release|Any CPU
		{150A1392-2CA9-49BA-A2B8-1795DD848769}.Debug|Any CPU.ActiveCfg = Debug|Any CPU
		{150A1392-2CA9-49BA-A2B8-1795DD848769}.Debug|Any CPU.Build.0 = Debug|Any CPU
		{150A1392-2CA9-49BA-A2B8-1795DD848769}.Release|Any CPU.ActiveCfg = Release|Any CPU
		{150A1392-2CA9-49BA-A2B8-1795DD848769}.Release|Any CPU.Build.0 = Release|Any CPU
		{44C0068E-EEBE-40C7-A7C2-D9C72C2D7D77}.Debug|Any CPU.ActiveCfg = Debug|Any CPU
		{44C0068E-EEBE-40C7-A7C2-D9C72C2D7D77}.Debug|Any CPU.Build.0 = Debug|Any CPU
		{44C0068E-EEBE-40C7-A7C2-D9C72C2D7D77}.Release|Any CPU.ActiveCfg = Release|Any CPU
		{44C0068E-EEBE-40C7-A7C2-D9C72C2D7D77}.Release|Any CPU.Build.0 = Release|Any CPU
		{F9F2F61A-4806-4650-8A3A-D6BEFFB5A8F1}.Debug|Any CPU.ActiveCfg = Debug|Any CPU
		{F9F2F61A-4806-4650-8A3A-D6BEFFB5A8F1}.Debug|Any CPU.Build.0 = Debug|Any CPU
		{F9F2F61A-4806-4650-8A3A-D6BEFFB5A8F1}.Release|Any CPU.ActiveCfg = Release|Any CPU
		{F9F2F61A-4806-4650-8A3A-D6BEFFB5A8F1}.Release|Any CPU.Build.0 = Release|Any CPU
		{03A45F39-D928-467C-B409-AE3371967F3C}.Debug|Any CPU.ActiveCfg = Debug|Any CPU
		{03A45F39-D928-467C-B409-AE3371967F3C}.Debug|Any CPU.Build.0 = Debug|Any CPU
		{03A45F39-D928-467C-B409-AE3371967F3C}.Release|Any CPU.ActiveCfg = Release|Any CPU
		{03A45F39-D928-467C-B409-AE3371967F3C}.Release|Any CPU.Build.0 = Release|Any CPU
		{5961B15F-37F4-4DBD-9E82-5FB79206E945}.Debug|Any CPU.ActiveCfg = Debug|Any CPU
		{5961B15F-37F4-4DBD-9E82-5FB79206E945}.Debug|Any CPU.Build.0 = Debug|Any CPU
		{5961B15F-37F4-4DBD-9E82-5FB79206E945}.Release|Any CPU.ActiveCfg = Release|Any CPU
		{5961B15F-37F4-4DBD-9E82-5FB79206E945}.Release|Any CPU.Build.0 = Release|Any CPU
		{9A3C9D73-18B5-4FF2-8157-3B0A0F8C9B37}.Debug|Any CPU.ActiveCfg = Debug|Any CPU
		{9A3C9D73-18B5-4FF2-8157-3B0A0F8C9B37}.Debug|Any CPU.Build.0 = Debug|Any CPU
		{9A3C9D73-18B5-4FF2-8157-3B0A0F8C9B37}.Release|Any CPU.ActiveCfg = Release|Any CPU
		{9A3C9D73-18B5-4FF2-8157-3B0A0F8C9B37}.Release|Any CPU.Build.0 = Release|Any CPU
		{DA5CA41D-A31D-403D-9FEA-4958AC5D0044}.Debug|Any CPU.ActiveCfg = Debug|Any CPU
		{DA5CA41D-A31D-403D-9FEA-4958AC5D0044}.Debug|Any CPU.Build.0 = Debug|Any CPU
		{DA5CA41D-A31D-403D-9FEA-4958AC5D0044}.Release|Any CPU.ActiveCfg = Release|Any CPU
		{DA5CA41D-A31D-403D-9FEA-4958AC5D0044}.Release|Any CPU.Build.0 = Release|Any CPU
		{5190FE84-5B67-4AB9-9124-757C400C3F49}.Debug|Any CPU.ActiveCfg = Debug|Any CPU
		{5190FE84-5B67-4AB9-9124-757C400C3F49}.Debug|Any CPU.Build.0 = Debug|Any CPU
		{5190FE84-5B67-4AB9-9124-757C400C3F49}.Release|Any CPU.ActiveCfg = Release|Any CPU
		{5190FE84-5B67-4AB9-9124-757C400C3F49}.Release|Any CPU.Build.0 = Release|Any CPU
	EndGlobalSection
	GlobalSection(SolutionProperties) = preSolution
		HideSolutionNode = FALSE
	EndGlobalSection
	GlobalSection(ExtensibilityGlobals) = postSolution
		SolutionGuid = {B3397594-DEBF-449F-9672-FCD162931A35}
	EndGlobalSection
EndGlobal
