
Microsoft Visual Studio Solution File, Format Version 12.00
# Visual Studio Version 17
VisualStudioVersion = 17.9.34714.143
MinimumVisualStudioVersion = 10.0.40219.1
Project("{9A19103F-16F7-4668-BE54-9A1E7A4F7556}") = "01NumbersFrom0To100", "01NumbersFrom0To100\01NumbersFrom0To100.csproj", "{0204AE03-9045-400F-AE7B-4F06B336232E}"
EndProject
Project("{9A19103F-16F7-4668-BE54-9A1E7A4F7556}") = "02NumbersNTo0InReverseOrder", "02NumbersNTo0InReverseOrder\02NumbersNTo0InReverseOrder.csproj", "{5C3773C9-03A4-4E89-A52C-7B074BA6F0C5}"
EndProject
Project("{9A19103F-16F7-4668-BE54-9A1E7A4F7556}") = "03Numbers1ToNThrough2", "03Numbers1ToNThrough2\03Numbers1ToNThrough2.csproj", "{715AF568-7829-4308-979E-118CF9B30F64}"
EndProject
Project("{9A19103F-16F7-4668-BE54-9A1E7A4F7556}") = "04Numbers1ToNThroughM", "04Numbers1ToNThroughM\04Numbers1ToNThroughM.csproj", "{577833AB-0117-477F-9CEA-4EEA72A63FAB}"
EndProject
Project("{9A19103F-16F7-4668-BE54-9A1E7A4F7556}") = "05LettersInAWord", "05LettersInAWord\05LettersInAWord.csproj", "{F436174D-7A90-460A-8C05-6929B857CF81}"
EndProject
Project("{9A19103F-16F7-4668-BE54-9A1E7A4F7556}") = "06SumOfVowels", "06SumOfVowels\06SumOfVowels.csproj", "{90A0916D-218C-4DDF-963C-9CA562F1A217}"
EndProject
Project("{9A19103F-16F7-4668-BE54-9A1E7A4F7556}") = "07Clock", "07Clock\07Clock.csproj", "{898DF440-2BE0-4235-A0A6-1D826EC079F7}"
EndProject
Project("{9A19103F-16F7-4668-BE54-9A1E7A4F7556}") = "08MultiplicationTable", "08MultiplicationTable\08MultiplicationTable.csproj", "{2C2A1FD7-413C-4212-999A-9BB87872F978}"
EndProject
Project("{9A19103F-16F7-4668-BE54-9A1E7A4F7556}") = "09SumOfEvenNumbers", "9SumOfEvenNumbers\09SumOfEvenNumbers.csproj", "{F4B0FBCC-00C7-41F1-8C02-8B8297A9E2A8}"
EndProject
Project("{9A19103F-16F7-4668-BE54-9A1E7A4F7556}") = "10FactorialCalculation", "10FactorialCalculation\10FactorialCalculation.csproj", "{A3765A6E-405E-432A-9822-DC8E0C0CBDB4}"
EndProject
Project("{9A19103F-16F7-4668-BE54-9A1E7A4F7556}") = "11NumberReversal", "11NumberReversal\11NumberReversal.csproj", "{C977016D-B154-4C30-BBB9-A7C8726F08C9}"
EndProject
Project("{9A19103F-16F7-4668-BE54-9A1E7A4F7556}") = "12PseudoFibonacciSequenceSum", "12PseudoFibonacciSequenceSum\12PseudoFibonacciSequenceSum.csproj", "{0082A146-8966-421C-A7C2-B322EBA8D330}"
EndProject
Project("{9A19103F-16F7-4668-BE54-9A1E7A4F7556}") = "13PalindromeCheck", "13PalindromeCheck\13PalindromeCheck.csproj", "{AE4100F1-2162-46B9-9325-ED0FEA3BA1F7}"
EndProject
Project("{9A19103F-16F7-4668-BE54-9A1E7A4F7556}") = "14ArmstrongNumberCheck", "14ArmstrongNumberCheck\14ArmstrongNumberCheck.csproj", "{740B78BA-6A39-4436-BC88-B33F5C0DBBC4}"
EndProject
Project("{9A19103F-16F7-4668-BE54-9A1E7A4F7556}") = "15CollatzConjecture", "15CollatzConjecture\15CollatzConjecture.csproj", "{1A2C03FE-877D-46D3-93AB-16163802A2FF}"
EndProject
Project("{9A19103F-16F7-4668-BE54-9A1E7A4F7556}") = "16HollowRectanglePattern", "16HollowRectanglePattern\16HollowRectanglePattern.csproj", "{6350E44E-3E7A-47A2-8550-4CF981725EFA}"
EndProject
Project("{9A19103F-16F7-4668-BE54-9A1E7A4F7556}") = "17NewBuilding", "17NewBuilding\17NewBuilding.csproj", "{10AE676C-5B87-4866-A908-67A5B9705735}"
EndProject
Project("{9A19103F-16F7-4668-BE54-9A1E7A4F7556}") = "18MagicNumber", "18MagicNumber\18MagicNumber.csproj", "{7F88248F-B808-40FC-A7F2-9253D89EC18E}"
EndProject
Project("{9A19103F-16F7-4668-BE54-9A1E7A4F7556}") = "19PadawanEquipment", "19PadawanEquipment\19PadawanEquipment.csproj", "{DD2E957D-B03A-422E-AE17-E069CD500CF2}"
EndProject
Project("{9A19103F-16F7-4668-BE54-9A1E7A4F7556}") = "20RageExpenses", "20RageExpenses\20RageExpenses.csproj", "{B3875310-C29E-48AA-A012-3E929DBC0C26}"
EndProject
Project("{9A19103F-16F7-4668-BE54-9A1E7A4F7556}") = "21RefactorSumOfOddNumbers", "21RefactorSumOfOddNumbers\21RefactorSumOfOddNumbers.csproj", "{47BA87FA-0307-4E88-B158-CC6A5DFAF499}"
EndProject
Project("{9A19103F-16F7-4668-BE54-9A1E7A4F7556}") = "22NumbersUpTo1000EndingIn7", "22NumbersUpTo1000EndingIn7\22NumbersUpTo1000EndingIn7.csproj", "{85542645-2531-424E-9EB5-FF9128D9C5E1}"
EndProject
Project("{9A19103F-16F7-4668-BE54-9A1E7A4F7556}") = "23NumbersUpTo1000EndingInN", "23NumbersUpTo1000EndingInN\23NumbersUpTo1000EndingInN.csproj", "{368CEEC1-7BC0-42C3-B750-B008DC42A9B5}"
EndProject
Project("{9A19103F-16F7-4668-BE54-9A1E7A4F7556}") = "24Encoding", "24Encoding\24Encoding.csproj", "{44E97418-8926-4882-90CC-531429ADE96B}"
EndProject
Project("{9A19103F-16F7-4668-BE54-9A1E7A4F7556}") = "25CoinsAndNotes", "25CoinsAndNotes\25CoinsAndNotes.csproj", "{37D9BF83-4DEC-4975-AEB9-C15AFD1D44F6}"
EndProject
Project("{9A19103F-16F7-4668-BE54-9A1E7A4F7556}") = "26EvenPairs", "26EvenPairs\26EvenPairs.csproj", "{5CA7911D-005F-440E-B94C-15F9B6CABD95}"
EndProject
Project("{9A19103F-16F7-4668-BE54-9A1E7A4F7556}") = "27Change", "27Change\27Change.csproj", "{58CCF40D-61BD-420B-BE45-BE17D1640954}"
EndProject
Project("{9A19103F-16F7-4668-BE54-9A1E7A4F7556}") = "28PyramidOfNumbers", "28PyramidOfNumbers\28PyramidOfNumbers.csproj", "{C6DC9552-C398-45D6-81B7-EA4637EE874D}"
EndProject
Project("{9A19103F-16F7-4668-BE54-9A1E7A4F7556}") = "29UniqueCodes", "29UniqueCodes\29UniqueCodes.csproj", "{852C26B6-8ED7-4DAF-ADE5-BF40484F9147}"
EndProject
Project("{9A19103F-16F7-4668-BE54-9A1E7A4F7556}") = "30SquareOfAsterisks", "30SquareOfAsterisks\30SquareOfAsterisks.csproj", "{1CFD610F-156E-4739-B809-E303262D7210}"
EndProject
Project("{9A19103F-16F7-4668-BE54-9A1E7A4F7556}") = "31Half-RhombusFromAsterisks", "31Half-RhombusFromAsterisks\31Half-RhombusFromAsterisks.csproj", "{6EE76620-EAAD-458C-A722-32BA6D812788}"
EndProject
Project("{9A19103F-16F7-4668-BE54-9A1E7A4F7556}") = "32RhombusFromAsterisks", "32RhombusFromAsterisks\32RhombusFromAsterisks.csproj", "{B4DAD0D2-8687-4EE5-A503-FB1DE85BF96C}"
EndProject
Project("{9A19103F-16F7-4668-BE54-9A1E7A4F7556}") = "33TreePattern", "33TreePattern\33TreePattern.csproj", "{7687884F-7ED6-4F9B-AAF7-8B81EF03FB84}"
EndProject
Project("{9A19103F-16F7-4668-BE54-9A1E7A4F7556}") = "34SquareFrame", "34SquareFrame\34SquareFrame.csproj", "{3D8BD5AB-8E40-4944-870B-4DA08851A495}"
EndProject
Project("{FAE04EC0-301F-11D3-BF4B-00C04F79EFBC}") = "35ChristmasTree", "35ChristmasTree\35ChristmasTree.csproj", "{D3D28D2D-CA5C-4FFD-A301-C7154F88BD5C}"
EndProject
Project("{FAE04EC0-301F-11D3-BF4B-00C04F79EFBC}") = "36Sunglasses", "36Sunglasses\36Sunglasses.csproj", "{5A7880D9-C5D5-45CF-82AC-FEC3F3EEF5DE}"
EndProject
Project("{FAE04EC0-301F-11D3-BF4B-00C04F79EFBC}") = "37HousePattern", "37HousePattern\37HousePattern.csproj", "{60CF4DD9-D993-4201-8858-807DE295C36D}"
EndProject
Project("{FAE04EC0-301F-11D3-BF4B-00C04F79EFBC}") = "38PyramidWithIncreasingDigits", "38PyramidWithIncreasingDigits\38PyramidWithIncreasingDigits.csproj", "{E866885D-474E-4E30-B1FB-47DC35E3177C}"
EndProject
Global
	GlobalSection(SolutionConfigurationPlatforms) = preSolution
		Debug|Any CPU = Debug|Any CPU
		Release|Any CPU = Release|Any CPU
	EndGlobalSection
	GlobalSection(ProjectConfigurationPlatforms) = postSolution
		{0204AE03-9045-400F-AE7B-4F06B336232E}.Debug|Any CPU.ActiveCfg = Debug|Any CPU
		{0204AE03-9045-400F-AE7B-4F06B336232E}.Debug|Any CPU.Build.0 = Debug|Any CPU
		{0204AE03-9045-400F-AE7B-4F06B336232E}.Release|Any CPU.ActiveCfg = Release|Any CPU
		{0204AE03-9045-400F-AE7B-4F06B336232E}.Release|Any CPU.Build.0 = Release|Any CPU
		{5C3773C9-03A4-4E89-A52C-7B074BA6F0C5}.Debug|Any CPU.ActiveCfg = Debug|Any CPU
		{5C3773C9-03A4-4E89-A52C-7B074BA6F0C5}.Debug|Any CPU.Build.0 = Debug|Any CPU
		{5C3773C9-03A4-4E89-A52C-7B074BA6F0C5}.Release|Any CPU.ActiveCfg = Release|Any CPU
		{5C3773C9-03A4-4E89-A52C-7B074BA6F0C5}.Release|Any CPU.Build.0 = Release|Any CPU
		{715AF568-7829-4308-979E-118CF9B30F64}.Debug|Any CPU.ActiveCfg = Debug|Any CPU
		{715AF568-7829-4308-979E-118CF9B30F64}.Debug|Any CPU.Build.0 = Debug|Any CPU
		{715AF568-7829-4308-979E-118CF9B30F64}.Release|Any CPU.ActiveCfg = Release|Any CPU
		{715AF568-7829-4308-979E-118CF9B30F64}.Release|Any CPU.Build.0 = Release|Any CPU
		{577833AB-0117-477F-9CEA-4EEA72A63FAB}.Debug|Any CPU.ActiveCfg = Debug|Any CPU
		{577833AB-0117-477F-9CEA-4EEA72A63FAB}.Debug|Any CPU.Build.0 = Debug|Any CPU
		{577833AB-0117-477F-9CEA-4EEA72A63FAB}.Release|Any CPU.ActiveCfg = Release|Any CPU
		{577833AB-0117-477F-9CEA-4EEA72A63FAB}.Release|Any CPU.Build.0 = Release|Any CPU
		{F436174D-7A90-460A-8C05-6929B857CF81}.Debug|Any CPU.ActiveCfg = Debug|Any CPU
		{F436174D-7A90-460A-8C05-6929B857CF81}.Debug|Any CPU.Build.0 = Debug|Any CPU
		{F436174D-7A90-460A-8C05-6929B857CF81}.Release|Any CPU.ActiveCfg = Release|Any CPU
		{F436174D-7A90-460A-8C05-6929B857CF81}.Release|Any CPU.Build.0 = Release|Any CPU
		{90A0916D-218C-4DDF-963C-9CA562F1A217}.Debug|Any CPU.ActiveCfg = Debug|Any CPU
		{90A0916D-218C-4DDF-963C-9CA562F1A217}.Debug|Any CPU.Build.0 = Debug|Any CPU
		{90A0916D-218C-4DDF-963C-9CA562F1A217}.Release|Any CPU.ActiveCfg = Release|Any CPU
		{90A0916D-218C-4DDF-963C-9CA562F1A217}.Release|Any CPU.Build.0 = Release|Any CPU
		{898DF440-2BE0-4235-A0A6-1D826EC079F7}.Debug|Any CPU.ActiveCfg = Debug|Any CPU
		{898DF440-2BE0-4235-A0A6-1D826EC079F7}.Debug|Any CPU.Build.0 = Debug|Any CPU
		{898DF440-2BE0-4235-A0A6-1D826EC079F7}.Release|Any CPU.ActiveCfg = Release|Any CPU
		{898DF440-2BE0-4235-A0A6-1D826EC079F7}.Release|Any CPU.Build.0 = Release|Any CPU
		{2C2A1FD7-413C-4212-999A-9BB87872F978}.Debug|Any CPU.ActiveCfg = Debug|Any CPU
		{2C2A1FD7-413C-4212-999A-9BB87872F978}.Debug|Any CPU.Build.0 = Debug|Any CPU
		{2C2A1FD7-413C-4212-999A-9BB87872F978}.Release|Any CPU.ActiveCfg = Release|Any CPU
		{2C2A1FD7-413C-4212-999A-9BB87872F978}.Release|Any CPU.Build.0 = Release|Any CPU
		{F4B0FBCC-00C7-41F1-8C02-8B8297A9E2A8}.Debug|Any CPU.ActiveCfg = Debug|Any CPU
		{F4B0FBCC-00C7-41F1-8C02-8B8297A9E2A8}.Debug|Any CPU.Build.0 = Debug|Any CPU
		{F4B0FBCC-00C7-41F1-8C02-8B8297A9E2A8}.Release|Any CPU.ActiveCfg = Release|Any CPU
		{F4B0FBCC-00C7-41F1-8C02-8B8297A9E2A8}.Release|Any CPU.Build.0 = Release|Any CPU
		{A3765A6E-405E-432A-9822-DC8E0C0CBDB4}.Debug|Any CPU.ActiveCfg = Debug|Any CPU
		{A3765A6E-405E-432A-9822-DC8E0C0CBDB4}.Debug|Any CPU.Build.0 = Debug|Any CPU
		{A3765A6E-405E-432A-9822-DC8E0C0CBDB4}.Release|Any CPU.ActiveCfg = Release|Any CPU
		{A3765A6E-405E-432A-9822-DC8E0C0CBDB4}.Release|Any CPU.Build.0 = Release|Any CPU
		{C977016D-B154-4C30-BBB9-A7C8726F08C9}.Debug|Any CPU.ActiveCfg = Debug|Any CPU
		{C977016D-B154-4C30-BBB9-A7C8726F08C9}.Debug|Any CPU.Build.0 = Debug|Any CPU
		{C977016D-B154-4C30-BBB9-A7C8726F08C9}.Release|Any CPU.ActiveCfg = Release|Any CPU
		{C977016D-B154-4C30-BBB9-A7C8726F08C9}.Release|Any CPU.Build.0 = Release|Any CPU
		{0082A146-8966-421C-A7C2-B322EBA8D330}.Debug|Any CPU.ActiveCfg = Debug|Any CPU
		{0082A146-8966-421C-A7C2-B322EBA8D330}.Debug|Any CPU.Build.0 = Debug|Any CPU
		{0082A146-8966-421C-A7C2-B322EBA8D330}.Release|Any CPU.ActiveCfg = Release|Any CPU
		{0082A146-8966-421C-A7C2-B322EBA8D330}.Release|Any CPU.Build.0 = Release|Any CPU
		{AE4100F1-2162-46B9-9325-ED0FEA3BA1F7}.Debug|Any CPU.ActiveCfg = Debug|Any CPU
		{AE4100F1-2162-46B9-9325-ED0FEA3BA1F7}.Debug|Any CPU.Build.0 = Debug|Any CPU
		{AE4100F1-2162-46B9-9325-ED0FEA3BA1F7}.Release|Any CPU.ActiveCfg = Release|Any CPU
		{AE4100F1-2162-46B9-9325-ED0FEA3BA1F7}.Release|Any CPU.Build.0 = Release|Any CPU
		{740B78BA-6A39-4436-BC88-B33F5C0DBBC4}.Debug|Any CPU.ActiveCfg = Debug|Any CPU
		{740B78BA-6A39-4436-BC88-B33F5C0DBBC4}.Debug|Any CPU.Build.0 = Debug|Any CPU
		{740B78BA-6A39-4436-BC88-B33F5C0DBBC4}.Release|Any CPU.ActiveCfg = Release|Any CPU
		{740B78BA-6A39-4436-BC88-B33F5C0DBBC4}.Release|Any CPU.Build.0 = Release|Any CPU
		{1A2C03FE-877D-46D3-93AB-16163802A2FF}.Debug|Any CPU.ActiveCfg = Debug|Any CPU
		{1A2C03FE-877D-46D3-93AB-16163802A2FF}.Debug|Any CPU.Build.0 = Debug|Any CPU
		{1A2C03FE-877D-46D3-93AB-16163802A2FF}.Release|Any CPU.ActiveCfg = Release|Any CPU
		{1A2C03FE-877D-46D3-93AB-16163802A2FF}.Release|Any CPU.Build.0 = Release|Any CPU
		{6350E44E-3E7A-47A2-8550-4CF981725EFA}.Debug|Any CPU.ActiveCfg = Debug|Any CPU
		{6350E44E-3E7A-47A2-8550-4CF981725EFA}.Debug|Any CPU.Build.0 = Debug|Any CPU
		{6350E44E-3E7A-47A2-8550-4CF981725EFA}.Release|Any CPU.ActiveCfg = Release|Any CPU
		{6350E44E-3E7A-47A2-8550-4CF981725EFA}.Release|Any CPU.Build.0 = Release|Any CPU
		{10AE676C-5B87-4866-A908-67A5B9705735}.Debug|Any CPU.ActiveCfg = Debug|Any CPU
		{10AE676C-5B87-4866-A908-67A5B9705735}.Debug|Any CPU.Build.0 = Debug|Any CPU
		{10AE676C-5B87-4866-A908-67A5B9705735}.Release|Any CPU.ActiveCfg = Release|Any CPU
		{10AE676C-5B87-4866-A908-67A5B9705735}.Release|Any CPU.Build.0 = Release|Any CPU
		{7F88248F-B808-40FC-A7F2-9253D89EC18E}.Debug|Any CPU.ActiveCfg = Debug|Any CPU
		{7F88248F-B808-40FC-A7F2-9253D89EC18E}.Debug|Any CPU.Build.0 = Debug|Any CPU
		{7F88248F-B808-40FC-A7F2-9253D89EC18E}.Release|Any CPU.ActiveCfg = Release|Any CPU
		{7F88248F-B808-40FC-A7F2-9253D89EC18E}.Release|Any CPU.Build.0 = Release|Any CPU
		{DD2E957D-B03A-422E-AE17-E069CD500CF2}.Debug|Any CPU.ActiveCfg = Debug|Any CPU
		{DD2E957D-B03A-422E-AE17-E069CD500CF2}.Debug|Any CPU.Build.0 = Debug|Any CPU
		{DD2E957D-B03A-422E-AE17-E069CD500CF2}.Release|Any CPU.ActiveCfg = Release|Any CPU
		{DD2E957D-B03A-422E-AE17-E069CD500CF2}.Release|Any CPU.Build.0 = Release|Any CPU
		{B3875310-C29E-48AA-A012-3E929DBC0C26}.Debug|Any CPU.ActiveCfg = Debug|Any CPU
		{B3875310-C29E-48AA-A012-3E929DBC0C26}.Debug|Any CPU.Build.0 = Debug|Any CPU
		{B3875310-C29E-48AA-A012-3E929DBC0C26}.Release|Any CPU.ActiveCfg = Release|Any CPU
		{B3875310-C29E-48AA-A012-3E929DBC0C26}.Release|Any CPU.Build.0 = Release|Any CPU
		{47BA87FA-0307-4E88-B158-CC6A5DFAF499}.Debug|Any CPU.ActiveCfg = Debug|Any CPU
		{47BA87FA-0307-4E88-B158-CC6A5DFAF499}.Debug|Any CPU.Build.0 = Debug|Any CPU
		{47BA87FA-0307-4E88-B158-CC6A5DFAF499}.Release|Any CPU.ActiveCfg = Release|Any CPU
		{47BA87FA-0307-4E88-B158-CC6A5DFAF499}.Release|Any CPU.Build.0 = Release|Any CPU
		{85542645-2531-424E-9EB5-FF9128D9C5E1}.Debug|Any CPU.ActiveCfg = Debug|Any CPU
		{85542645-2531-424E-9EB5-FF9128D9C5E1}.Debug|Any CPU.Build.0 = Debug|Any CPU
		{85542645-2531-424E-9EB5-FF9128D9C5E1}.Release|Any CPU.ActiveCfg = Release|Any CPU
		{85542645-2531-424E-9EB5-FF9128D9C5E1}.Release|Any CPU.Build.0 = Release|Any CPU
		{368CEEC1-7BC0-42C3-B750-B008DC42A9B5}.Debug|Any CPU.ActiveCfg = Debug|Any CPU
		{368CEEC1-7BC0-42C3-B750-B008DC42A9B5}.Debug|Any CPU.Build.0 = Debug|Any CPU
		{368CEEC1-7BC0-42C3-B750-B008DC42A9B5}.Release|Any CPU.ActiveCfg = Release|Any CPU
		{368CEEC1-7BC0-42C3-B750-B008DC42A9B5}.Release|Any CPU.Build.0 = Release|Any CPU
		{44E97418-8926-4882-90CC-531429ADE96B}.Debug|Any CPU.ActiveCfg = Debug|Any CPU
		{44E97418-8926-4882-90CC-531429ADE96B}.Debug|Any CPU.Build.0 = Debug|Any CPU
		{44E97418-8926-4882-90CC-531429ADE96B}.Release|Any CPU.ActiveCfg = Release|Any CPU
		{44E97418-8926-4882-90CC-531429ADE96B}.Release|Any CPU.Build.0 = Release|Any CPU
		{37D9BF83-4DEC-4975-AEB9-C15AFD1D44F6}.Debug|Any CPU.ActiveCfg = Debug|Any CPU
		{37D9BF83-4DEC-4975-AEB9-C15AFD1D44F6}.Debug|Any CPU.Build.0 = Debug|Any CPU
		{37D9BF83-4DEC-4975-AEB9-C15AFD1D44F6}.Release|Any CPU.ActiveCfg = Release|Any CPU
		{37D9BF83-4DEC-4975-AEB9-C15AFD1D44F6}.Release|Any CPU.Build.0 = Release|Any CPU
		{5CA7911D-005F-440E-B94C-15F9B6CABD95}.Debug|Any CPU.ActiveCfg = Debug|Any CPU
		{5CA7911D-005F-440E-B94C-15F9B6CABD95}.Debug|Any CPU.Build.0 = Debug|Any CPU
		{5CA7911D-005F-440E-B94C-15F9B6CABD95}.Release|Any CPU.ActiveCfg = Release|Any CPU
		{5CA7911D-005F-440E-B94C-15F9B6CABD95}.Release|Any CPU.Build.0 = Release|Any CPU
		{58CCF40D-61BD-420B-BE45-BE17D1640954}.Debug|Any CPU.ActiveCfg = Debug|Any CPU
		{58CCF40D-61BD-420B-BE45-BE17D1640954}.Debug|Any CPU.Build.0 = Debug|Any CPU
		{58CCF40D-61BD-420B-BE45-BE17D1640954}.Release|Any CPU.ActiveCfg = Release|Any CPU
		{58CCF40D-61BD-420B-BE45-BE17D1640954}.Release|Any CPU.Build.0 = Release|Any CPU
		{C6DC9552-C398-45D6-81B7-EA4637EE874D}.Debug|Any CPU.ActiveCfg = Debug|Any CPU
		{C6DC9552-C398-45D6-81B7-EA4637EE874D}.Debug|Any CPU.Build.0 = Debug|Any CPU
		{C6DC9552-C398-45D6-81B7-EA4637EE874D}.Release|Any CPU.ActiveCfg = Release|Any CPU
		{C6DC9552-C398-45D6-81B7-EA4637EE874D}.Release|Any CPU.Build.0 = Release|Any CPU
		{852C26B6-8ED7-4DAF-ADE5-BF40484F9147}.Debug|Any CPU.ActiveCfg = Debug|Any CPU
		{852C26B6-8ED7-4DAF-ADE5-BF40484F9147}.Debug|Any CPU.Build.0 = Debug|Any CPU
		{852C26B6-8ED7-4DAF-ADE5-BF40484F9147}.Release|Any CPU.ActiveCfg = Release|Any CPU
		{852C26B6-8ED7-4DAF-ADE5-BF40484F9147}.Release|Any CPU.Build.0 = Release|Any CPU
		{1CFD610F-156E-4739-B809-E303262D7210}.Debug|Any CPU.ActiveCfg = Debug|Any CPU
		{1CFD610F-156E-4739-B809-E303262D7210}.Debug|Any CPU.Build.0 = Debug|Any CPU
		{1CFD610F-156E-4739-B809-E303262D7210}.Release|Any CPU.ActiveCfg = Release|Any CPU
		{1CFD610F-156E-4739-B809-E303262D7210}.Release|Any CPU.Build.0 = Release|Any CPU
		{6EE76620-EAAD-458C-A722-32BA6D812788}.Debug|Any CPU.ActiveCfg = Debug|Any CPU
		{6EE76620-EAAD-458C-A722-32BA6D812788}.Debug|Any CPU.Build.0 = Debug|Any CPU
		{6EE76620-EAAD-458C-A722-32BA6D812788}.Release|Any CPU.ActiveCfg = Release|Any CPU
		{6EE76620-EAAD-458C-A722-32BA6D812788}.Release|Any CPU.Build.0 = Release|Any CPU
		{B4DAD0D2-8687-4EE5-A503-FB1DE85BF96C}.Debug|Any CPU.ActiveCfg = Debug|Any CPU
		{B4DAD0D2-8687-4EE5-A503-FB1DE85BF96C}.Debug|Any CPU.Build.0 = Debug|Any CPU
		{B4DAD0D2-8687-4EE5-A503-FB1DE85BF96C}.Release|Any CPU.ActiveCfg = Release|Any CPU
		{B4DAD0D2-8687-4EE5-A503-FB1DE85BF96C}.Release|Any CPU.Build.0 = Release|Any CPU
		{7687884F-7ED6-4F9B-AAF7-8B81EF03FB84}.Debug|Any CPU.ActiveCfg = Debug|Any CPU
		{7687884F-7ED6-4F9B-AAF7-8B81EF03FB84}.Debug|Any CPU.Build.0 = Debug|Any CPU
		{7687884F-7ED6-4F9B-AAF7-8B81EF03FB84}.Release|Any CPU.ActiveCfg = Release|Any CPU
		{7687884F-7ED6-4F9B-AAF7-8B81EF03FB84}.Release|Any CPU.Build.0 = Release|Any CPU
		{3D8BD5AB-8E40-4944-870B-4DA08851A495}.Debug|Any CPU.ActiveCfg = Debug|Any CPU
		{3D8BD5AB-8E40-4944-870B-4DA08851A495}.Debug|Any CPU.Build.0 = Debug|Any CPU
		{3D8BD5AB-8E40-4944-870B-4DA08851A495}.Release|Any CPU.ActiveCfg = Release|Any CPU
		{3D8BD5AB-8E40-4944-870B-4DA08851A495}.Release|Any CPU.Build.0 = Release|Any CPU
		{D3D28D2D-CA5C-4FFD-A301-C7154F88BD5C}.Debug|Any CPU.ActiveCfg = Debug|Any CPU
		{D3D28D2D-CA5C-4FFD-A301-C7154F88BD5C}.Debug|Any CPU.Build.0 = Debug|Any CPU
		{D3D28D2D-CA5C-4FFD-A301-C7154F88BD5C}.Release|Any CPU.ActiveCfg = Release|Any CPU
		{D3D28D2D-CA5C-4FFD-A301-C7154F88BD5C}.Release|Any CPU.Build.0 = Release|Any CPU
		{5A7880D9-C5D5-45CF-82AC-FEC3F3EEF5DE}.Debug|Any CPU.ActiveCfg = Debug|Any CPU
		{5A7880D9-C5D5-45CF-82AC-FEC3F3EEF5DE}.Debug|Any CPU.Build.0 = Debug|Any CPU
		{5A7880D9-C5D5-45CF-82AC-FEC3F3EEF5DE}.Release|Any CPU.ActiveCfg = Release|Any CPU
		{5A7880D9-C5D5-45CF-82AC-FEC3F3EEF5DE}.Release|Any CPU.Build.0 = Release|Any CPU
		{60CF4DD9-D993-4201-8858-807DE295C36D}.Debug|Any CPU.ActiveCfg = Debug|Any CPU
		{60CF4DD9-D993-4201-8858-807DE295C36D}.Debug|Any CPU.Build.0 = Debug|Any CPU
		{60CF4DD9-D993-4201-8858-807DE295C36D}.Release|Any CPU.ActiveCfg = Release|Any CPU
		{60CF4DD9-D993-4201-8858-807DE295C36D}.Release|Any CPU.Build.0 = Release|Any CPU
		{E866885D-474E-4E30-B1FB-47DC35E3177C}.Debug|Any CPU.ActiveCfg = Debug|Any CPU
		{E866885D-474E-4E30-B1FB-47DC35E3177C}.Debug|Any CPU.Build.0 = Debug|Any CPU
		{E866885D-474E-4E30-B1FB-47DC35E3177C}.Release|Any CPU.ActiveCfg = Release|Any CPU
		{E866885D-474E-4E30-B1FB-47DC35E3177C}.Release|Any CPU.Build.0 = Release|Any CPU
	EndGlobalSection
	GlobalSection(SolutionProperties) = preSolution
		HideSolutionNode = FALSE
	EndGlobalSection
	GlobalSection(ExtensibilityGlobals) = postSolution
		SolutionGuid = {E755B24E-4F77-4E89-8852-0107D05052C0}
	EndGlobalSection
EndGlobal
