
Microsoft Visual Studio Solution File, Format Version 12.00
# Visual Studio Version 17
VisualStudioVersion = 17.11.35312.102
MinimumVisualStudioVersion = 10.0.40219.1
Project("{FAE04EC0-301F-11D3-BF4B-00C04F79EFBC}") = "InventoryManagementSystem", "InventoryManagementSystem\InventoryManagementSystem.csproj", "{13741B98-D733-444A-A13D-DB1553CD98D4}"
EndProject
Global
	GlobalSection(SolutionConfigurationPlatforms) = preSolution
		Debug|Any CPU = Debug|Any CPU
		Release|Any CPU = Release|Any CPU
	EndGlobalSection
	GlobalSection(ProjectConfigurationPlatforms) = postSolution
		{13741B98-D733-444A-A13D-DB1553CD98D4}.Debug|Any CPU.ActiveCfg = Debug|Any CPU
		{13741B98-D733-444A-A13D-DB1553CD98D4}.Debug|Any CPU.Build.0 = Debug|Any CPU
		{13741B98-D733-444A-A13D-DB1553CD98D4}.Release|Any CPU.ActiveCfg = Release|Any CPU
		{13741B98-D733-444A-A13D-DB1553CD98D4}.Release|Any CPU.Build.0 = Release|Any CPU
	EndGlobalSection
	GlobalSection(SolutionProperties) = preSolution
		HideSolutionNode = FALSE
	EndGlobalSection
	GlobalSection(ExtensibilityGlobals) = postSolution
		SolutionGuid = {DCFE1A48-ED00-486E-8E72-C312B5E206C0}
	EndGlobalSection
EndGlobal
