
Microsoft Visual Studio Solution File, Format Version 12.00
# Visual Studio Version 17
VisualStudioVersion = 17.10.34916.146
MinimumVisualStudioVersion = 10.0.40219.1
Project("{FAE04EC0-301F-11D3-BF4B-00C04F79EFBC}") = "01SumFirstAndLastArrayElement", "01SumFirstAndLastArrayElement\01SumFirstAndLastArrayElement.csproj", "{B99F0CCE-41D1-4572-8DB5-5BEE2A3D3348}"
EndProject
Project("{FAE04EC0-301F-11D3-BF4B-00C04F79EFBC}") = "02DayOfWeek", "02DayOfWeek\02DayOfWeek.csproj", "{32A7C615-2F3D-4729-8128-72D5C283D2E4}"
EndProject
Project("{FAE04EC0-301F-11D3-BF4B-00C04F79EFBC}") = "03ReverseAnArrayOfNumbers", "03ReverseAnArrayOfNumbers\03ReverseAnArrayOfNumbers.csproj", "{59A56BB8-16B3-4DC8-8B42-71B8D275E1E6}"
EndProject
Project("{FAE04EC0-301F-11D3-BF4B-00C04F79EFBC}") = "04ReverseAnArrayOfStrings", "04ReverseAnArrayOfStrings\04ReverseAnArrayOfStrings.csproj", "{CEDA5BE5-2D27-423F-B459-0F5AF753166D}"
EndProject
Project("{FAE04EC0-301F-11D3-BF4B-00C04F79EFBC}") = "05SumEvenNumbers", "05SumEvenNumbers\05SumEvenNumbers.csproj", "{F16C05EF-D063-4A0E-B142-85194A847885}"
EndProject
Project("{FAE04EC0-301F-11D3-BF4B-00C04F79EFBC}") = "06EvenAndOddSubtraction", "06EvenAndOddSubtraction\06EvenAndOddSubtraction.csproj", "{D5C8979A-9B3A-47CA-88B4-A572AD8E154A}"
EndProject
Project("{FAE04EC0-301F-11D3-BF4B-00C04F79EFBC}") = "07EqualArrays", "07EqualArrays\07EqualArrays.csproj", "{99DC4B54-2EAC-4480-A1EF-0EA79531E766}"
EndProject
Project("{FAE04EC0-301F-11D3-BF4B-00C04F79EFBC}") = "08CondenseArrayToNumber", "08CondenseArrayToNumber\08CondenseArrayToNumber.csproj", "{CE1D868E-4FDA-4258-B766-5C496437F252}"
EndProject
Project("{FAE04EC0-301F-11D3-BF4B-00C04F79EFBC}") = "09PrintEveryN-thElementFromAnArray", "09PrintEveryN-thElementFromAnArray\09PrintEveryN-thElementFromAnArray.csproj", "{EAB5C631-8F5A-4044-9C39-8D50F9C56946}"
EndProject
Project("{FAE04EC0-301F-11D3-BF4B-00C04F79EFBC}") = "10AddAndRemoveElementsFromArray", "10AddAndRemoveElementsFromArray\10AddAndRemoveElementsFromArray.csproj", "{4B438350-7841-4C9B-8EBB-C6BFA9918D82}"
EndProject
Global
	GlobalSection(SolutionConfigurationPlatforms) = preSolution
		Debug|Any CPU = Debug|Any CPU
		Release|Any CPU = Release|Any CPU
	EndGlobalSection
	GlobalSection(ProjectConfigurationPlatforms) = postSolution
		{B99F0CCE-41D1-4572-8DB5-5BEE2A3D3348}.Debug|Any CPU.ActiveCfg = Debug|Any CPU
		{B99F0CCE-41D1-4572-8DB5-5BEE2A3D3348}.Debug|Any CPU.Build.0 = Debug|Any CPU
		{B99F0CCE-41D1-4572-8DB5-5BEE2A3D3348}.Release|Any CPU.ActiveCfg = Release|Any CPU
		{B99F0CCE-41D1-4572-8DB5-5BEE2A3D3348}.Release|Any CPU.Build.0 = Release|Any CPU
		{32A7C615-2F3D-4729-8128-72D5C283D2E4}.Debug|Any CPU.ActiveCfg = Debug|Any CPU
		{32A7C615-2F3D-4729-8128-72D5C283D2E4}.Debug|Any CPU.Build.0 = Debug|Any CPU
		{32A7C615-2F3D-4729-8128-72D5C283D2E4}.Release|Any CPU.ActiveCfg = Release|Any CPU
		{32A7C615-2F3D-4729-8128-72D5C283D2E4}.Release|Any CPU.Build.0 = Release|Any CPU
		{59A56BB8-16B3-4DC8-8B42-71B8D275E1E6}.Debug|Any CPU.ActiveCfg = Debug|Any CPU
		{59A56BB8-16B3-4DC8-8B42-71B8D275E1E6}.Debug|Any CPU.Build.0 = Debug|Any CPU
		{59A56BB8-16B3-4DC8-8B42-71B8D275E1E6}.Release|Any CPU.ActiveCfg = Release|Any CPU
		{59A56BB8-16B3-4DC8-8B42-71B8D275E1E6}.Release|Any CPU.Build.0 = Release|Any CPU
		{CEDA5BE5-2D27-423F-B459-0F5AF753166D}.Debug|Any CPU.ActiveCfg = Debug|Any CPU
		{CEDA5BE5-2D27-423F-B459-0F5AF753166D}.Debug|Any CPU.Build.0 = Debug|Any CPU
		{CEDA5BE5-2D27-423F-B459-0F5AF753166D}.Release|Any CPU.ActiveCfg = Release|Any CPU
		{CEDA5BE5-2D27-423F-B459-0F5AF753166D}.Release|Any CPU.Build.0 = Release|Any CPU
		{F16C05EF-D063-4A0E-B142-85194A847885}.Debug|Any CPU.ActiveCfg = Debug|Any CPU
		{F16C05EF-D063-4A0E-B142-85194A847885}.Debug|Any CPU.Build.0 = Debug|Any CPU
		{F16C05EF-D063-4A0E-B142-85194A847885}.Release|Any CPU.ActiveCfg = Release|Any CPU
		{F16C05EF-D063-4A0E-B142-85194A847885}.Release|Any CPU.Build.0 = Release|Any CPU
		{D5C8979A-9B3A-47CA-88B4-A572AD8E154A}.Debug|Any CPU.ActiveCfg = Debug|Any CPU
		{D5C8979A-9B3A-47CA-88B4-A572AD8E154A}.Debug|Any CPU.Build.0 = Debug|Any CPU
		{D5C8979A-9B3A-47CA-88B4-A572AD8E154A}.Release|Any CPU.ActiveCfg = Release|Any CPU
		{D5C8979A-9B3A-47CA-88B4-A572AD8E154A}.Release|Any CPU.Build.0 = Release|Any CPU
		{99DC4B54-2EAC-4480-A1EF-0EA79531E766}.Debug|Any CPU.ActiveCfg = Debug|Any CPU
		{99DC4B54-2EAC-4480-A1EF-0EA79531E766}.Debug|Any CPU.Build.0 = Debug|Any CPU
		{99DC4B54-2EAC-4480-A1EF-0EA79531E766}.Release|Any CPU.ActiveCfg = Release|Any CPU
		{99DC4B54-2EAC-4480-A1EF-0EA79531E766}.Release|Any CPU.Build.0 = Release|Any CPU
		{CE1D868E-4FDA-4258-B766-5C496437F252}.Debug|Any CPU.ActiveCfg = Debug|Any CPU
		{CE1D868E-4FDA-4258-B766-5C496437F252}.Debug|Any CPU.Build.0 = Debug|Any CPU
		{CE1D868E-4FDA-4258-B766-5C496437F252}.Release|Any CPU.ActiveCfg = Release|Any CPU
		{CE1D868E-4FDA-4258-B766-5C496437F252}.Release|Any CPU.Build.0 = Release|Any CPU
		{EAB5C631-8F5A-4044-9C39-8D50F9C56946}.Debug|Any CPU.ActiveCfg = Debug|Any CPU
		{EAB5C631-8F5A-4044-9C39-8D50F9C56946}.Debug|Any CPU.Build.0 = Debug|Any CPU
		{EAB5C631-8F5A-4044-9C39-8D50F9C56946}.Release|Any CPU.ActiveCfg = Release|Any CPU
		{EAB5C631-8F5A-4044-9C39-8D50F9C56946}.Release|Any CPU.Build.0 = Release|Any CPU
		{4B438350-7841-4C9B-8EBB-C6BFA9918D82}.Debug|Any CPU.ActiveCfg = Debug|Any CPU
		{4B438350-7841-4C9B-8EBB-C6BFA9918D82}.Debug|Any CPU.Build.0 = Debug|Any CPU
		{4B438350-7841-4C9B-8EBB-C6BFA9918D82}.Release|Any CPU.ActiveCfg = Release|Any CPU
		{4B438350-7841-4C9B-8EBB-C6BFA9918D82}.Release|Any CPU.Build.0 = Release|Any CPU
	EndGlobalSection
	GlobalSection(SolutionProperties) = preSolution
		HideSolutionNode = FALSE
	EndGlobalSection
	GlobalSection(ExtensibilityGlobals) = postSolution
		SolutionGuid = {A9C6D20A-4637-45A9-ADE3-3B38FEB81DB3}
	EndGlobalSection
EndGlobal
