
Microsoft Visual Studio Solution File, Format Version 12.00
# Visual Studio Version 17
VisualStudioVersion = 17.11.35327.3
MinimumVisualStudioVersion = 10.0.40219.1
Project("{9A19103F-16F7-4668-BE54-9A1E7A4F7556}") = "01SingleResponsibilityPrincipleSRP", "01SingleResponsibilityPrincipleSRP\01SingleResponsibilityPrincipleSRP.csproj", "{B9A02C90-F91A-456F-ADFD-FA4CE53D2AEA}"
EndProject
Project("{9A19103F-16F7-4668-BE54-9A1E7A4F7556}") = "02OpenClosedPrincipleOCP", "02OpenClosedPrincipleOCP\02OpenClosedPrincipleOCP.csproj", "{D4029E01-8489-4D46-9F9E-F03743EC8390}"
EndProject
Project("{FAE04EC0-301F-11D3-BF4B-00C04F79EFBC}") = "03LiskovSubstitutionPrincipleLSP", "03LiskovSubstitutionPrincipleLSP\03LiskovSubstitutionPrincipleLSP.csproj", "{C19A31E6-E12A-494A-A7D5-33CB60360592}"
EndProject
Project("{FAE04EC0-301F-11D3-BF4B-00C04F79EFBC}") = "04InterfaceSegregationPrincipleISP", "04InterfaceSegregationPrincipleISP\04InterfaceSegregationPrincipleISP.csproj", "{E2AA7902-EEEA-4F5F-9E49-FC6DD7F3DC65}"
EndProject
Global
	GlobalSection(SolutionConfigurationPlatforms) = preSolution
		Debug|Any CPU = Debug|Any CPU
		Release|Any CPU = Release|Any CPU
	EndGlobalSection
	GlobalSection(ProjectConfigurationPlatforms) = postSolution
		{B9A02C90-F91A-456F-ADFD-FA4CE53D2AEA}.Debug|Any CPU.ActiveCfg = Debug|Any CPU
		{B9A02C90-F91A-456F-ADFD-FA4CE53D2AEA}.Debug|Any CPU.Build.0 = Debug|Any CPU
		{B9A02C90-F91A-456F-ADFD-FA4CE53D2AEA}.Release|Any CPU.ActiveCfg = Release|Any CPU
		{B9A02C90-F91A-456F-ADFD-FA4CE53D2AEA}.Release|Any CPU.Build.0 = Release|Any CPU
		{D4029E01-8489-4D46-9F9E-F03743EC8390}.Debug|Any CPU.ActiveCfg = Debug|Any CPU
		{D4029E01-8489-4D46-9F9E-F03743EC8390}.Debug|Any CPU.Build.0 = Debug|Any CPU
		{D4029E01-8489-4D46-9F9E-F03743EC8390}.Release|Any CPU.ActiveCfg = Release|Any CPU
		{D4029E01-8489-4D46-9F9E-F03743EC8390}.Release|Any CPU.Build.0 = Release|Any CPU
		{C19A31E6-E12A-494A-A7D5-33CB60360592}.Debug|Any CPU.ActiveCfg = Debug|Any CPU
		{C19A31E6-E12A-494A-A7D5-33CB60360592}.Debug|Any CPU.Build.0 = Debug|Any CPU
		{C19A31E6-E12A-494A-A7D5-33CB60360592}.Release|Any CPU.ActiveCfg = Release|Any CPU
		{C19A31E6-E12A-494A-A7D5-33CB60360592}.Release|Any CPU.Build.0 = Release|Any CPU
		{E2AA7902-EEEA-4F5F-9E49-FC6DD7F3DC65}.Debug|Any CPU.ActiveCfg = Debug|Any CPU
		{E2AA7902-EEEA-4F5F-9E49-FC6DD7F3DC65}.Debug|Any CPU.Build.0 = Debug|Any CPU
		{E2AA7902-EEEA-4F5F-9E49-FC6DD7F3DC65}.Release|Any CPU.ActiveCfg = Release|Any CPU
		{E2AA7902-EEEA-4F5F-9E49-FC6DD7F3DC65}.Release|Any CPU.Build.0 = Release|Any CPU
	EndGlobalSection
	GlobalSection(SolutionProperties) = preSolution
		HideSolutionNode = FALSE
	EndGlobalSection
	GlobalSection(ExtensibilityGlobals) = postSolution
		SolutionGuid = {F7838BA0-D285-4084-B056-C4189D76DB3E}
	EndGlobalSection
EndGlobal
