
Microsoft Visual Studio Solution File, Format Version 12.00
# Visual Studio Version 17
VisualStudioVersion = 17.11.35327.3
MinimumVisualStudioVersion = 10.0.40219.1
Project("{9A19103F-16F7-4668-BE54-9A1E7A4F7556}") = "01ReverseStrings", "01ReverseStrings\01ReverseStrings.csproj", "{8F66B65D-7904-4EF8-820A-EDBADD6EC2AC}"
EndProject
Project("{9A19103F-16F7-4668-BE54-9A1E7A4F7556}") = "02RepeatStrings", "02RepeatStrings\02RepeatStrings.csproj", "{ABE6BA05-D2CB-4348-A5B3-A37CBD6F5C7B}"
EndProject
Project("{9A19103F-16F7-4668-BE54-9A1E7A4F7556}") = "03Substring", "03Substring\03Substring.csproj", "{8A9BEB50-931C-4DA7-94BE-2BC67C8B5CCF}"
EndProject
Project("{9A19103F-16F7-4668-BE54-9A1E7A4F7556}") = "04TextFilter", "04TextFilter\04TextFilter.csproj", "{A66189A8-2D78-4218-8837-68CCD9F48776}"
EndProject
Project("{9A19103F-16F7-4668-BE54-9A1E7A4F7556}") = "05DigitsLettersAndOther", "05DigitsLettersAndOther\05DigitsLettersAndOther.csproj", "{806CF58F-E371-4239-BC28-052A0D6EE8A4}"
EndProject
Project("{9A19103F-16F7-4668-BE54-9A1E7A4F7556}") = "06ValidUsernames", "06ValidUsernames\06ValidUsernames.csproj", "{B3932844-23C6-4667-B3E1-BB76DEFFAF5C}"
EndProject
Project("{9A19103F-16F7-4668-BE54-9A1E7A4F7556}") = "07ExtractFile", "07ExtractFile\07ExtractFile.csproj", "{CE9C0649-0262-4953-B5B4-30078FC33CE8}"
EndProject
Project("{9A19103F-16F7-4668-BE54-9A1E7A4F7556}") = "08CaesarCipher", "08CaesarCipher\08CaesarCipher.csproj", "{10914933-636E-452F-AF1A-FD444E7BA16E}"
EndProject
Project("{9A19103F-16F7-4668-BE54-9A1E7A4F7556}") = "09MultiplyBigNumber", "09MultiplyBigNumber\09MultiplyBigNumber.csproj", "{DFF8D3E8-F952-47EA-A182-C2A24021F0AD}"
EndProject
Project("{9A19103F-16F7-4668-BE54-9A1E7A4F7556}") = "10ReplaceRepeatingChars", "10ReplaceRepeatingChars\10ReplaceRepeatingChars.csproj", "{42FCDB06-97D3-4BF9-85E8-ADE27F597C47}"
EndProject
Project("{9A19103F-16F7-4668-BE54-9A1E7A4F7556}") = "11ExtractPersonInformation", "11ExtractPersonInformation\11ExtractPersonInformation.csproj", "{B7D4FB44-0F23-48A3-9853-BB0E64E5EF9D}"
EndProject
Project("{9A19103F-16F7-4668-BE54-9A1E7A4F7556}") = "12AsciiSumator", "12AsciiSumator\12AsciiSumator.csproj", "{AF412FAF-CA21-4D42-9C79-C9C5117E689C}"
EndProject
Project("{9A19103F-16F7-4668-BE54-9A1E7A4F7556}") = "13MorseCodeTranslator", "13MorseCodeTranslator\13MorseCodeTranslator.csproj", "{C7C88BFB-F82A-424D-A0D5-1A99718856E0}"
EndProject
Project("{9A19103F-16F7-4668-BE54-9A1E7A4F7556}") = "14HTML", "14HTML\14HTML.csproj", "{5E123CF4-5A5C-47F7-82DE-5F78ECF3FAB8}"
EndProject
Project("{9A19103F-16F7-4668-BE54-9A1E7A4F7556}") = "15Letter", "15Letter\15Letter.csproj", "{235E9C95-ACCC-4E6E-8057-15CE47ADF721}"
EndProject
Project("{FAE04EC0-301F-11D3-BF4B-00C04F79EFBC}") = "16MatchFullName", "16MatchFullName\16MatchFullName.csproj", "{31D033EF-EE05-48FC-AE6E-AB5735AF0194}"
EndProject
Project("{FAE04EC0-301F-11D3-BF4B-00C04F79EFBC}") = "17MatchPhoneNumber", "17MatchPhoneNumber\17MatchPhoneNumber.csproj", "{B74D292A-C2FC-405D-8450-A0335E6AEF5F}"
EndProject
Project("{FAE04EC0-301F-11D3-BF4B-00C04F79EFBC}") = "18PascalCaseSplitter", "18PascalCaseSplitter\18PascalCaseSplitter.csproj", "{153F46D1-787C-4754-B750-50A253C50F34}"
EndProject
Project("{FAE04EC0-301F-11D3-BF4B-00C04F79EFBC}") = "19MatchDates", "19MatchDates\19MatchDates.csproj", "{618E1E96-1DF8-44B0-86C6-E9183BBE6D9A}"
EndProject
Global
	GlobalSection(SolutionConfigurationPlatforms) = preSolution
		Debug|Any CPU = Debug|Any CPU
		Release|Any CPU = Release|Any CPU
	EndGlobalSection
	GlobalSection(ProjectConfigurationPlatforms) = postSolution
		{8F66B65D-7904-4EF8-820A-EDBADD6EC2AC}.Debug|Any CPU.ActiveCfg = Debug|Any CPU
		{8F66B65D-7904-4EF8-820A-EDBADD6EC2AC}.Debug|Any CPU.Build.0 = Debug|Any CPU
		{8F66B65D-7904-4EF8-820A-EDBADD6EC2AC}.Release|Any CPU.ActiveCfg = Release|Any CPU
		{8F66B65D-7904-4EF8-820A-EDBADD6EC2AC}.Release|Any CPU.Build.0 = Release|Any CPU
		{ABE6BA05-D2CB-4348-A5B3-A37CBD6F5C7B}.Debug|Any CPU.ActiveCfg = Debug|Any CPU
		{ABE6BA05-D2CB-4348-A5B3-A37CBD6F5C7B}.Debug|Any CPU.Build.0 = Debug|Any CPU
		{ABE6BA05-D2CB-4348-A5B3-A37CBD6F5C7B}.Release|Any CPU.ActiveCfg = Release|Any CPU
		{ABE6BA05-D2CB-4348-A5B3-A37CBD6F5C7B}.Release|Any CPU.Build.0 = Release|Any CPU
		{8A9BEB50-931C-4DA7-94BE-2BC67C8B5CCF}.Debug|Any CPU.ActiveCfg = Debug|Any CPU
		{8A9BEB50-931C-4DA7-94BE-2BC67C8B5CCF}.Debug|Any CPU.Build.0 = Debug|Any CPU
		{8A9BEB50-931C-4DA7-94BE-2BC67C8B5CCF}.Release|Any CPU.ActiveCfg = Release|Any CPU
		{8A9BEB50-931C-4DA7-94BE-2BC67C8B5CCF}.Release|Any CPU.Build.0 = Release|Any CPU
		{A66189A8-2D78-4218-8837-68CCD9F48776}.Debug|Any CPU.ActiveCfg = Debug|Any CPU
		{A66189A8-2D78-4218-8837-68CCD9F48776}.Debug|Any CPU.Build.0 = Debug|Any CPU
		{A66189A8-2D78-4218-8837-68CCD9F48776}.Release|Any CPU.ActiveCfg = Release|Any CPU
		{A66189A8-2D78-4218-8837-68CCD9F48776}.Release|Any CPU.Build.0 = Release|Any CPU
		{806CF58F-E371-4239-BC28-052A0D6EE8A4}.Debug|Any CPU.ActiveCfg = Debug|Any CPU
		{806CF58F-E371-4239-BC28-052A0D6EE8A4}.Debug|Any CPU.Build.0 = Debug|Any CPU
		{806CF58F-E371-4239-BC28-052A0D6EE8A4}.Release|Any CPU.ActiveCfg = Release|Any CPU
		{806CF58F-E371-4239-BC28-052A0D6EE8A4}.Release|Any CPU.Build.0 = Release|Any CPU
		{B3932844-23C6-4667-B3E1-BB76DEFFAF5C}.Debug|Any CPU.ActiveCfg = Debug|Any CPU
		{B3932844-23C6-4667-B3E1-BB76DEFFAF5C}.Debug|Any CPU.Build.0 = Debug|Any CPU
		{B3932844-23C6-4667-B3E1-BB76DEFFAF5C}.Release|Any CPU.ActiveCfg = Release|Any CPU
		{B3932844-23C6-4667-B3E1-BB76DEFFAF5C}.Release|Any CPU.Build.0 = Release|Any CPU
		{CE9C0649-0262-4953-B5B4-30078FC33CE8}.Debug|Any CPU.ActiveCfg = Debug|Any CPU
		{CE9C0649-0262-4953-B5B4-30078FC33CE8}.Debug|Any CPU.Build.0 = Debug|Any CPU
		{CE9C0649-0262-4953-B5B4-30078FC33CE8}.Release|Any CPU.ActiveCfg = Release|Any CPU
		{CE9C0649-0262-4953-B5B4-30078FC33CE8}.Release|Any CPU.Build.0 = Release|Any CPU
		{10914933-636E-452F-AF1A-FD444E7BA16E}.Debug|Any CPU.ActiveCfg = Debug|Any CPU
		{10914933-636E-452F-AF1A-FD444E7BA16E}.Debug|Any CPU.Build.0 = Debug|Any CPU
		{10914933-636E-452F-AF1A-FD444E7BA16E}.Release|Any CPU.ActiveCfg = Release|Any CPU
		{10914933-636E-452F-AF1A-FD444E7BA16E}.Release|Any CPU.Build.0 = Release|Any CPU
		{DFF8D3E8-F952-47EA-A182-C2A24021F0AD}.Debug|Any CPU.ActiveCfg = Debug|Any CPU
		{DFF8D3E8-F952-47EA-A182-C2A24021F0AD}.Debug|Any CPU.Build.0 = Debug|Any CPU
		{DFF8D3E8-F952-47EA-A182-C2A24021F0AD}.Release|Any CPU.ActiveCfg = Release|Any CPU
		{DFF8D3E8-F952-47EA-A182-C2A24021F0AD}.Release|Any CPU.Build.0 = Release|Any CPU
		{42FCDB06-97D3-4BF9-85E8-ADE27F597C47}.Debug|Any CPU.ActiveCfg = Debug|Any CPU
		{42FCDB06-97D3-4BF9-85E8-ADE27F597C47}.Debug|Any CPU.Build.0 = Debug|Any CPU
		{42FCDB06-97D3-4BF9-85E8-ADE27F597C47}.Release|Any CPU.ActiveCfg = Release|Any CPU
		{42FCDB06-97D3-4BF9-85E8-ADE27F597C47}.Release|Any CPU.Build.0 = Release|Any CPU
		{B7D4FB44-0F23-48A3-9853-BB0E64E5EF9D}.Debug|Any CPU.ActiveCfg = Debug|Any CPU
		{B7D4FB44-0F23-48A3-9853-BB0E64E5EF9D}.Debug|Any CPU.Build.0 = Debug|Any CPU
		{B7D4FB44-0F23-48A3-9853-BB0E64E5EF9D}.Release|Any CPU.ActiveCfg = Release|Any CPU
		{B7D4FB44-0F23-48A3-9853-BB0E64E5EF9D}.Release|Any CPU.Build.0 = Release|Any CPU
		{AF412FAF-CA21-4D42-9C79-C9C5117E689C}.Debug|Any CPU.ActiveCfg = Debug|Any CPU
		{AF412FAF-CA21-4D42-9C79-C9C5117E689C}.Debug|Any CPU.Build.0 = Debug|Any CPU
		{AF412FAF-CA21-4D42-9C79-C9C5117E689C}.Release|Any CPU.ActiveCfg = Release|Any CPU
		{AF412FAF-CA21-4D42-9C79-C9C5117E689C}.Release|Any CPU.Build.0 = Release|Any CPU
		{C7C88BFB-F82A-424D-A0D5-1A99718856E0}.Debug|Any CPU.ActiveCfg = Debug|Any CPU
		{C7C88BFB-F82A-424D-A0D5-1A99718856E0}.Debug|Any CPU.Build.0 = Debug|Any CPU
		{C7C88BFB-F82A-424D-A0D5-1A99718856E0}.Release|Any CPU.ActiveCfg = Release|Any CPU
		{C7C88BFB-F82A-424D-A0D5-1A99718856E0}.Release|Any CPU.Build.0 = Release|Any CPU
		{5E123CF4-5A5C-47F7-82DE-5F78ECF3FAB8}.Debug|Any CPU.ActiveCfg = Debug|Any CPU
		{5E123CF4-5A5C-47F7-82DE-5F78ECF3FAB8}.Debug|Any CPU.Build.0 = Debug|Any CPU
		{5E123CF4-5A5C-47F7-82DE-5F78ECF3FAB8}.Release|Any CPU.ActiveCfg = Release|Any CPU
		{5E123CF4-5A5C-47F7-82DE-5F78ECF3FAB8}.Release|Any CPU.Build.0 = Release|Any CPU
		{235E9C95-ACCC-4E6E-8057-15CE47ADF721}.Debug|Any CPU.ActiveCfg = Debug|Any CPU
		{235E9C95-ACCC-4E6E-8057-15CE47ADF721}.Debug|Any CPU.Build.0 = Debug|Any CPU
		{235E9C95-ACCC-4E6E-8057-15CE47ADF721}.Release|Any CPU.ActiveCfg = Release|Any CPU
		{235E9C95-ACCC-4E6E-8057-15CE47ADF721}.Release|Any CPU.Build.0 = Release|Any CPU
		{31D033EF-EE05-48FC-AE6E-AB5735AF0194}.Debug|Any CPU.ActiveCfg = Debug|Any CPU
		{31D033EF-EE05-48FC-AE6E-AB5735AF0194}.Debug|Any CPU.Build.0 = Debug|Any CPU
		{31D033EF-EE05-48FC-AE6E-AB5735AF0194}.Release|Any CPU.ActiveCfg = Release|Any CPU
		{31D033EF-EE05-48FC-AE6E-AB5735AF0194}.Release|Any CPU.Build.0 = Release|Any CPU
		{B74D292A-C2FC-405D-8450-A0335E6AEF5F}.Debug|Any CPU.ActiveCfg = Debug|Any CPU
		{B74D292A-C2FC-405D-8450-A0335E6AEF5F}.Debug|Any CPU.Build.0 = Debug|Any CPU
		{B74D292A-C2FC-405D-8450-A0335E6AEF5F}.Release|Any CPU.ActiveCfg = Release|Any CPU
		{B74D292A-C2FC-405D-8450-A0335E6AEF5F}.Release|Any CPU.Build.0 = Release|Any CPU
		{153F46D1-787C-4754-B750-50A253C50F34}.Debug|Any CPU.ActiveCfg = Debug|Any CPU
		{153F46D1-787C-4754-B750-50A253C50F34}.Debug|Any CPU.Build.0 = Debug|Any CPU
		{153F46D1-787C-4754-B750-50A253C50F34}.Release|Any CPU.ActiveCfg = Release|Any CPU
		{153F46D1-787C-4754-B750-50A253C50F34}.Release|Any CPU.Build.0 = Release|Any CPU
		{618E1E96-1DF8-44B0-86C6-E9183BBE6D9A}.Debug|Any CPU.ActiveCfg = Debug|Any CPU
		{618E1E96-1DF8-44B0-86C6-E9183BBE6D9A}.Debug|Any CPU.Build.0 = Debug|Any CPU
		{618E1E96-1DF8-44B0-86C6-E9183BBE6D9A}.Release|Any CPU.ActiveCfg = Release|Any CPU
		{618E1E96-1DF8-44B0-86C6-E9183BBE6D9A}.Release|Any CPU.Build.0 = Release|Any CPU
	EndGlobalSection
	GlobalSection(SolutionProperties) = preSolution
		HideSolutionNode = FALSE
	EndGlobalSection
	GlobalSection(ExtensibilityGlobals) = postSolution
		SolutionGuid = {71B7F6FB-C13C-4E14-A417-75728AA7520B}
	EndGlobalSection
EndGlobal
