
Microsoft Visual Studio Solution File, Format Version 12.00
# Visual Studio Version 17
VisualStudioVersion = 17.9.34714.143
MinimumVisualStudioVersion = 10.0.40219.1
Project("{9A19103F-16F7-4668-BE54-9A1E7A4F7556}") = "01Marks", "01Marks\01Marks.csproj", "{1CD5C425-1A60-4708-8C06-E9B03DA213B6}"
EndProject
Project("{9A19103F-16F7-4668-BE54-9A1E7A4F7556}") = "02LargerNumber", "02LargerNumber\02LargerNumber.csproj", "{CE26FF74-7EEC-4B73-852B-EB22F6576912}"
EndProject
Project("{9A19103F-16F7-4668-BE54-9A1E7A4F7556}") = "03NumberFrom0To9WithWords", "03NumberFrom0To9WithWords\03NumberFrom0To9WithWords.csproj", "{0A419D2F-BDDA-4AB8-A130-55B2B02D1650}"
EndProject
Project("{9A19103F-16F7-4668-BE54-9A1E7A4F7556}") = "04FaceOfFigures", "04FaceOfFigures\04FaceOfFigures.csproj", "{37A7CD58-EB9E-4AB7-AB9A-D851E23673F3}"
EndProject
Project("{9A19103F-16F7-4668-BE54-9A1E7A4F7556}") = "05DayOfTheWeek", "05DayOfTheWeek\05DayOfTheWeek.csproj", "{6B814F5B-01C1-4C82-B1EB-2C8A723FFEC4}"
EndProject
Project("{9A19103F-16F7-4668-BE54-9A1E7A4F7556}") = "06EvenOrOdd", "06EvenOrOdd\06EvenOrOdd.csproj", "{B2F00971-548F-4DB4-A470-459CA8B04AA8}"
EndProject
Project("{9A19103F-16F7-4668-BE54-9A1E7A4F7556}") = "07Speed", "07Speed\07Speed.csproj", "{1627C03C-0412-49F5-8050-EE7D30B5E863}"
EndProject
Project("{9A19103F-16F7-4668-BE54-9A1E7A4F7556}") = "08AlarmAfter15Minutes", "08AlarmAfter15Minutes\08AlarmAfter15Minutes.csproj", "{8DD999E4-3CF2-43FB-B6EF-610EBD1E3D06}"
EndProject
Project("{9A19103F-16F7-4668-BE54-9A1E7A4F7556}") = "09AddressByAgeAndGender", "09AddressByAgeAndGender\09AddressByAgeAndGender.csproj", "{38B4569C-4AE9-48E8-A248-5219C2C0C21F}"
EndProject
Project("{9A19103F-16F7-4668-BE54-9A1E7A4F7556}") = "10Grocery", "10Grocery\10Grocery.csproj", "{54F90641-7C43-4D66-A682-7608A2694A44}"
EndProject
Project("{9A19103F-16F7-4668-BE54-9A1E7A4F7556}") = "11NumberInTheRange", "11NumberInTheRange\11NumberInTheRange.csproj", "{539437A2-F530-40CA-A699-E2DCC8CBAF75}"
EndProject
Project("{9A19103F-16F7-4668-BE54-9A1E7A4F7556}") = "12SimpleCalculator", "12SimpleCalculator\12SimpleCalculator.csproj", "{713327BD-1CB5-4C06-AB2F-E024F52520FE}"
EndProject
Project("{9A19103F-16F7-4668-BE54-9A1E7A4F7556}") = "13VegetableMarket", "13VegetableMarket\13VegetableMarket.csproj", "{A0D6214E-34AD-4E33-B6A4-0E06A48D57BF}"
EndProject
Project("{9A19103F-16F7-4668-BE54-9A1E7A4F7556}") = "14Holiday", "14Holiday\14Holiday.csproj", "{21ED9710-1DB8-44C3-BA94-5FC7B8F95F25}"
EndProject
Project("{9A19103F-16F7-4668-BE54-9A1E7A4F7556}") = "15MakeupShop", "15MakeupShop\15MakeupShop.csproj", "{1B7F53DD-5426-4EA4-99D7-43A342151EB1}"
EndProject
Project("{9A19103F-16F7-4668-BE54-9A1E7A4F7556}") = "16AtSea", "16AtSea\16AtSea.csproj", "{06D45740-29CB-4C2D-AD9F-D8355F9037B6}"
EndProject
Project("{FAE04EC0-301F-11D3-BF4B-00C04F79EFBC}") = "17GradeCalculator", "17GradeCalculator\17GradeCalculator.csproj", "{AA6A39C7-0FC7-48E6-A394-C987F9104B1D}"
EndProject
Project("{FAE04EC0-301F-11D3-BF4B-00C04F79EFBC}") = "18LeapYearChecker", "18LeapYearChecker\18LeapYearChecker.csproj", "{08948FE1-8B52-474A-BEDB-284730D36F9F}"
EndProject
Project("{FAE04EC0-301F-11D3-BF4B-00C04F79EFBC}") = "19MovieTicketPrice", "19MovieTicketPrice\19MovieTicketPrice.csproj", "{885A8AD7-A215-41FD-BBD3-309177204B4B}"
EndProject
Project("{FAE04EC0-301F-11D3-BF4B-00C04F79EFBC}") = "20DaysInAMonth", "20DaysInAMonth\20DaysInAMonth.csproj", "{468FAFDF-CC14-43AC-A00D-10AD07FA3514}"
EndProject
Project("{FAE04EC0-301F-11D3-BF4B-00C04F79EFBC}") = "21UniversityAdmissions", "21UniversityAdmissions\21UniversityAdmissions.csproj", "{ACF4A9AE-7E0C-4C0E-8B97-4A5B42506A73}"
EndProject
Project("{FAE04EC0-301F-11D3-BF4B-00C04F79EFBC}") = "22DiscountCalculator", "22DiscountCalculator\22DiscountCalculator.csproj", "{B03ADF8F-B80A-45C7-8F6F-577338C3EB42}"
EndProject
Project("{FAE04EC0-301F-11D3-BF4B-00C04F79EFBC}") = "23MovieClassification", "23MovieClassification\23MovieClassification.csproj", "{F27AE34F-91D0-49AE-AABF-F77798D9E7A3}"
EndProject
Project("{FAE04EC0-301F-11D3-BF4B-00C04F79EFBC}") = "24AirlineLuggageCharges", "24AirlineLuggageCharges\24AirlineLuggageCharges.csproj", "{85A39885-A94C-47C9-BC6B-8251A40E526B}"
EndProject
Project("{FAE04EC0-301F-11D3-BF4B-00C04F79EFBC}") = "25AdventureGamePathDecision", "25AdventureGamePathDecision\25AdventureGamePathDecision.csproj", "{07DD929E-7BD5-4D59-A514-A0AE2B6A9180}"
EndProject
Project("{FAE04EC0-301F-11D3-BF4B-00C04F79EFBC}") = "26PotionBrewingDecision", "26PotionBrewingDecision\26PotionBrewingDecision.csproj", "{DF832ED1-8131-45D9-A4E3-5CF63EAECD3D}"
EndProject
Project("{FAE04EC0-301F-11D3-BF4B-00C04F79EFBC}") = "27SurvivalInTheWilderness", "27SurvivalInTheWilderness\27SurvivalInTheWilderness.csproj", "{91AF890F-E4DF-47B1-AE9F-F88456575F14}"
EndProject
Project("{FAE04EC0-301F-11D3-BF4B-00C04F79EFBC}") = "28ClimateZoneIdentifier", "28ClimateZoneIdentifier\28ClimateZoneIdentifier.csproj", "{E9F314C4-7A8C-407E-9E54-3EC8359BAE26}"
EndProject
Project("{FAE04EC0-301F-11D3-BF4B-00C04F79EFBC}") = "29ArchitecturalEraIdentifier", "29ArchitecturalEraIdentifier\29ArchitecturalEraIdentifier.csproj", "{7DC28110-4403-4AA4-980E-35F6312C74D9}"
EndProject
Global
	GlobalSection(SolutionConfigurationPlatforms) = preSolution
		Debug|Any CPU = Debug|Any CPU
		Release|Any CPU = Release|Any CPU
	EndGlobalSection
	GlobalSection(ProjectConfigurationPlatforms) = postSolution
		{1CD5C425-1A60-4708-8C06-E9B03DA213B6}.Debug|Any CPU.ActiveCfg = Debug|Any CPU
		{1CD5C425-1A60-4708-8C06-E9B03DA213B6}.Debug|Any CPU.Build.0 = Debug|Any CPU
		{1CD5C425-1A60-4708-8C06-E9B03DA213B6}.Release|Any CPU.ActiveCfg = Release|Any CPU
		{1CD5C425-1A60-4708-8C06-E9B03DA213B6}.Release|Any CPU.Build.0 = Release|Any CPU
		{CE26FF74-7EEC-4B73-852B-EB22F6576912}.Debug|Any CPU.ActiveCfg = Debug|Any CPU
		{CE26FF74-7EEC-4B73-852B-EB22F6576912}.Debug|Any CPU.Build.0 = Debug|Any CPU
		{CE26FF74-7EEC-4B73-852B-EB22F6576912}.Release|Any CPU.ActiveCfg = Release|Any CPU
		{CE26FF74-7EEC-4B73-852B-EB22F6576912}.Release|Any CPU.Build.0 = Release|Any CPU
		{0A419D2F-BDDA-4AB8-A130-55B2B02D1650}.Debug|Any CPU.ActiveCfg = Debug|Any CPU
		{0A419D2F-BDDA-4AB8-A130-55B2B02D1650}.Debug|Any CPU.Build.0 = Debug|Any CPU
		{0A419D2F-BDDA-4AB8-A130-55B2B02D1650}.Release|Any CPU.ActiveCfg = Release|Any CPU
		{0A419D2F-BDDA-4AB8-A130-55B2B02D1650}.Release|Any CPU.Build.0 = Release|Any CPU
		{37A7CD58-EB9E-4AB7-AB9A-D851E23673F3}.Debug|Any CPU.ActiveCfg = Debug|Any CPU
		{37A7CD58-EB9E-4AB7-AB9A-D851E23673F3}.Debug|Any CPU.Build.0 = Debug|Any CPU
		{37A7CD58-EB9E-4AB7-AB9A-D851E23673F3}.Release|Any CPU.ActiveCfg = Release|Any CPU
		{37A7CD58-EB9E-4AB7-AB9A-D851E23673F3}.Release|Any CPU.Build.0 = Release|Any CPU
		{6B814F5B-01C1-4C82-B1EB-2C8A723FFEC4}.Debug|Any CPU.ActiveCfg = Debug|Any CPU
		{6B814F5B-01C1-4C82-B1EB-2C8A723FFEC4}.Debug|Any CPU.Build.0 = Debug|Any CPU
		{6B814F5B-01C1-4C82-B1EB-2C8A723FFEC4}.Release|Any CPU.ActiveCfg = Release|Any CPU
		{6B814F5B-01C1-4C82-B1EB-2C8A723FFEC4}.Release|Any CPU.Build.0 = Release|Any CPU
		{B2F00971-548F-4DB4-A470-459CA8B04AA8}.Debug|Any CPU.ActiveCfg = Debug|Any CPU
		{B2F00971-548F-4DB4-A470-459CA8B04AA8}.Debug|Any CPU.Build.0 = Debug|Any CPU
		{B2F00971-548F-4DB4-A470-459CA8B04AA8}.Release|Any CPU.ActiveCfg = Release|Any CPU
		{B2F00971-548F-4DB4-A470-459CA8B04AA8}.Release|Any CPU.Build.0 = Release|Any CPU
		{1627C03C-0412-49F5-8050-EE7D30B5E863}.Debug|Any CPU.ActiveCfg = Debug|Any CPU
		{1627C03C-0412-49F5-8050-EE7D30B5E863}.Debug|Any CPU.Build.0 = Debug|Any CPU
		{1627C03C-0412-49F5-8050-EE7D30B5E863}.Release|Any CPU.ActiveCfg = Release|Any CPU
		{1627C03C-0412-49F5-8050-EE7D30B5E863}.Release|Any CPU.Build.0 = Release|Any CPU
		{8DD999E4-3CF2-43FB-B6EF-610EBD1E3D06}.Debug|Any CPU.ActiveCfg = Debug|Any CPU
		{8DD999E4-3CF2-43FB-B6EF-610EBD1E3D06}.Debug|Any CPU.Build.0 = Debug|Any CPU
		{8DD999E4-3CF2-43FB-B6EF-610EBD1E3D06}.Release|Any CPU.ActiveCfg = Release|Any CPU
		{8DD999E4-3CF2-43FB-B6EF-610EBD1E3D06}.Release|Any CPU.Build.0 = Release|Any CPU
		{38B4569C-4AE9-48E8-A248-5219C2C0C21F}.Debug|Any CPU.ActiveCfg = Debug|Any CPU
		{38B4569C-4AE9-48E8-A248-5219C2C0C21F}.Debug|Any CPU.Build.0 = Debug|Any CPU
		{38B4569C-4AE9-48E8-A248-5219C2C0C21F}.Release|Any CPU.ActiveCfg = Release|Any CPU
		{38B4569C-4AE9-48E8-A248-5219C2C0C21F}.Release|Any CPU.Build.0 = Release|Any CPU
		{54F90641-7C43-4D66-A682-7608A2694A44}.Debug|Any CPU.ActiveCfg = Debug|Any CPU
		{54F90641-7C43-4D66-A682-7608A2694A44}.Debug|Any CPU.Build.0 = Debug|Any CPU
		{54F90641-7C43-4D66-A682-7608A2694A44}.Release|Any CPU.ActiveCfg = Release|Any CPU
		{54F90641-7C43-4D66-A682-7608A2694A44}.Release|Any CPU.Build.0 = Release|Any CPU
		{539437A2-F530-40CA-A699-E2DCC8CBAF75}.Debug|Any CPU.ActiveCfg = Debug|Any CPU
		{539437A2-F530-40CA-A699-E2DCC8CBAF75}.Debug|Any CPU.Build.0 = Debug|Any CPU
		{539437A2-F530-40CA-A699-E2DCC8CBAF75}.Release|Any CPU.ActiveCfg = Release|Any CPU
		{539437A2-F530-40CA-A699-E2DCC8CBAF75}.Release|Any CPU.Build.0 = Release|Any CPU
		{713327BD-1CB5-4C06-AB2F-E024F52520FE}.Debug|Any CPU.ActiveCfg = Debug|Any CPU
		{713327BD-1CB5-4C06-AB2F-E024F52520FE}.Debug|Any CPU.Build.0 = Debug|Any CPU
		{713327BD-1CB5-4C06-AB2F-E024F52520FE}.Release|Any CPU.ActiveCfg = Release|Any CPU
		{713327BD-1CB5-4C06-AB2F-E024F52520FE}.Release|Any CPU.Build.0 = Release|Any CPU
		{A0D6214E-34AD-4E33-B6A4-0E06A48D57BF}.Debug|Any CPU.ActiveCfg = Debug|Any CPU
		{A0D6214E-34AD-4E33-B6A4-0E06A48D57BF}.Debug|Any CPU.Build.0 = Debug|Any CPU
		{A0D6214E-34AD-4E33-B6A4-0E06A48D57BF}.Release|Any CPU.ActiveCfg = Release|Any CPU
		{A0D6214E-34AD-4E33-B6A4-0E06A48D57BF}.Release|Any CPU.Build.0 = Release|Any CPU
		{21ED9710-1DB8-44C3-BA94-5FC7B8F95F25}.Debug|Any CPU.ActiveCfg = Debug|Any CPU
		{21ED9710-1DB8-44C3-BA94-5FC7B8F95F25}.Debug|Any CPU.Build.0 = Debug|Any CPU
		{21ED9710-1DB8-44C3-BA94-5FC7B8F95F25}.Release|Any CPU.ActiveCfg = Release|Any CPU
		{21ED9710-1DB8-44C3-BA94-5FC7B8F95F25}.Release|Any CPU.Build.0 = Release|Any CPU
		{1B7F53DD-5426-4EA4-99D7-43A342151EB1}.Debug|Any CPU.ActiveCfg = Debug|Any CPU
		{1B7F53DD-5426-4EA4-99D7-43A342151EB1}.Debug|Any CPU.Build.0 = Debug|Any CPU
		{1B7F53DD-5426-4EA4-99D7-43A342151EB1}.Release|Any CPU.ActiveCfg = Release|Any CPU
		{1B7F53DD-5426-4EA4-99D7-43A342151EB1}.Release|Any CPU.Build.0 = Release|Any CPU
		{06D45740-29CB-4C2D-AD9F-D8355F9037B6}.Debug|Any CPU.ActiveCfg = Debug|Any CPU
		{06D45740-29CB-4C2D-AD9F-D8355F9037B6}.Debug|Any CPU.Build.0 = Debug|Any CPU
		{06D45740-29CB-4C2D-AD9F-D8355F9037B6}.Release|Any CPU.ActiveCfg = Release|Any CPU
		{06D45740-29CB-4C2D-AD9F-D8355F9037B6}.Release|Any CPU.Build.0 = Release|Any CPU
		{AA6A39C7-0FC7-48E6-A394-C987F9104B1D}.Debug|Any CPU.ActiveCfg = Debug|Any CPU
		{AA6A39C7-0FC7-48E6-A394-C987F9104B1D}.Debug|Any CPU.Build.0 = Debug|Any CPU
		{AA6A39C7-0FC7-48E6-A394-C987F9104B1D}.Release|Any CPU.ActiveCfg = Release|Any CPU
		{AA6A39C7-0FC7-48E6-A394-C987F9104B1D}.Release|Any CPU.Build.0 = Release|Any CPU
		{08948FE1-8B52-474A-BEDB-284730D36F9F}.Debug|Any CPU.ActiveCfg = Debug|Any CPU
		{08948FE1-8B52-474A-BEDB-284730D36F9F}.Debug|Any CPU.Build.0 = Debug|Any CPU
		{08948FE1-8B52-474A-BEDB-284730D36F9F}.Release|Any CPU.ActiveCfg = Release|Any CPU
		{08948FE1-8B52-474A-BEDB-284730D36F9F}.Release|Any CPU.Build.0 = Release|Any CPU
		{885A8AD7-A215-41FD-BBD3-309177204B4B}.Debug|Any CPU.ActiveCfg = Debug|Any CPU
		{885A8AD7-A215-41FD-BBD3-309177204B4B}.Debug|Any CPU.Build.0 = Debug|Any CPU
		{885A8AD7-A215-41FD-BBD3-309177204B4B}.Release|Any CPU.ActiveCfg = Release|Any CPU
		{885A8AD7-A215-41FD-BBD3-309177204B4B}.Release|Any CPU.Build.0 = Release|Any CPU
		{468FAFDF-CC14-43AC-A00D-10AD07FA3514}.Debug|Any CPU.ActiveCfg = Debug|Any CPU
		{468FAFDF-CC14-43AC-A00D-10AD07FA3514}.Debug|Any CPU.Build.0 = Debug|Any CPU
		{468FAFDF-CC14-43AC-A00D-10AD07FA3514}.Release|Any CPU.ActiveCfg = Release|Any CPU
		{468FAFDF-CC14-43AC-A00D-10AD07FA3514}.Release|Any CPU.Build.0 = Release|Any CPU
		{ACF4A9AE-7E0C-4C0E-8B97-4A5B42506A73}.Debug|Any CPU.ActiveCfg = Debug|Any CPU
		{ACF4A9AE-7E0C-4C0E-8B97-4A5B42506A73}.Debug|Any CPU.Build.0 = Debug|Any CPU
		{ACF4A9AE-7E0C-4C0E-8B97-4A5B42506A73}.Release|Any CPU.ActiveCfg = Release|Any CPU
		{ACF4A9AE-7E0C-4C0E-8B97-4A5B42506A73}.Release|Any CPU.Build.0 = Release|Any CPU
		{B03ADF8F-B80A-45C7-8F6F-577338C3EB42}.Debug|Any CPU.ActiveCfg = Debug|Any CPU
		{B03ADF8F-B80A-45C7-8F6F-577338C3EB42}.Debug|Any CPU.Build.0 = Debug|Any CPU
		{B03ADF8F-B80A-45C7-8F6F-577338C3EB42}.Release|Any CPU.ActiveCfg = Release|Any CPU
		{B03ADF8F-B80A-45C7-8F6F-577338C3EB42}.Release|Any CPU.Build.0 = Release|Any CPU
		{F27AE34F-91D0-49AE-AABF-F77798D9E7A3}.Debug|Any CPU.ActiveCfg = Debug|Any CPU
		{F27AE34F-91D0-49AE-AABF-F77798D9E7A3}.Debug|Any CPU.Build.0 = Debug|Any CPU
		{F27AE34F-91D0-49AE-AABF-F77798D9E7A3}.Release|Any CPU.ActiveCfg = Release|Any CPU
		{F27AE34F-91D0-49AE-AABF-F77798D9E7A3}.Release|Any CPU.Build.0 = Release|Any CPU
		{85A39885-A94C-47C9-BC6B-8251A40E526B}.Debug|Any CPU.ActiveCfg = Debug|Any CPU
		{85A39885-A94C-47C9-BC6B-8251A40E526B}.Debug|Any CPU.Build.0 = Debug|Any CPU
		{85A39885-A94C-47C9-BC6B-8251A40E526B}.Release|Any CPU.ActiveCfg = Release|Any CPU
		{85A39885-A94C-47C9-BC6B-8251A40E526B}.Release|Any CPU.Build.0 = Release|Any CPU
		{07DD929E-7BD5-4D59-A514-A0AE2B6A9180}.Debug|Any CPU.ActiveCfg = Debug|Any CPU
		{07DD929E-7BD5-4D59-A514-A0AE2B6A9180}.Debug|Any CPU.Build.0 = Debug|Any CPU
		{07DD929E-7BD5-4D59-A514-A0AE2B6A9180}.Release|Any CPU.ActiveCfg = Release|Any CPU
		{07DD929E-7BD5-4D59-A514-A0AE2B6A9180}.Release|Any CPU.Build.0 = Release|Any CPU
		{DF832ED1-8131-45D9-A4E3-5CF63EAECD3D}.Debug|Any CPU.ActiveCfg = Debug|Any CPU
		{DF832ED1-8131-45D9-A4E3-5CF63EAECD3D}.Debug|Any CPU.Build.0 = Debug|Any CPU
		{DF832ED1-8131-45D9-A4E3-5CF63EAECD3D}.Release|Any CPU.ActiveCfg = Release|Any CPU
		{DF832ED1-8131-45D9-A4E3-5CF63EAECD3D}.Release|Any CPU.Build.0 = Release|Any CPU
		{91AF890F-E4DF-47B1-AE9F-F88456575F14}.Debug|Any CPU.ActiveCfg = Debug|Any CPU
		{91AF890F-E4DF-47B1-AE9F-F88456575F14}.Debug|Any CPU.Build.0 = Debug|Any CPU
		{91AF890F-E4DF-47B1-AE9F-F88456575F14}.Release|Any CPU.ActiveCfg = Release|Any CPU
		{91AF890F-E4DF-47B1-AE9F-F88456575F14}.Release|Any CPU.Build.0 = Release|Any CPU
		{E9F314C4-7A8C-407E-9E54-3EC8359BAE26}.Debug|Any CPU.ActiveCfg = Debug|Any CPU
		{E9F314C4-7A8C-407E-9E54-3EC8359BAE26}.Debug|Any CPU.Build.0 = Debug|Any CPU
		{E9F314C4-7A8C-407E-9E54-3EC8359BAE26}.Release|Any CPU.ActiveCfg = Release|Any CPU
		{E9F314C4-7A8C-407E-9E54-3EC8359BAE26}.Release|Any CPU.Build.0 = Release|Any CPU
		{7DC28110-4403-4AA4-980E-35F6312C74D9}.Debug|Any CPU.ActiveCfg = Debug|Any CPU
		{7DC28110-4403-4AA4-980E-35F6312C74D9}.Debug|Any CPU.Build.0 = Debug|Any CPU
		{7DC28110-4403-4AA4-980E-35F6312C74D9}.Release|Any CPU.ActiveCfg = Release|Any CPU
		{7DC28110-4403-4AA4-980E-35F6312C74D9}.Release|Any CPU.Build.0 = Release|Any CPU
	EndGlobalSection
	GlobalSection(SolutionProperties) = preSolution
		HideSolutionNode = FALSE
	EndGlobalSection
	GlobalSection(ExtensibilityGlobals) = postSolution
		SolutionGuid = {CD5985A3-6ED5-4D92-9763-EDE6DC597699}
	EndGlobalSection
EndGlobal
