
Microsoft Visual Studio Solution File, Format Version 12.00
# Visual Studio Version 17
VisualStudioVersion = 17.9.34714.143
MinimumVisualStudioVersion = 10.0.40219.1
Project("{FAE04EC0-301F-11D3-BF4B-00C04F79EFBC}") = "01SignOfInteger", "01SignOfInteger\01SignOfInteger.csproj", "{EC44A99A-35FC-44F9-B9F9-B2BEE9B195B2}"
EndProject
Global
	GlobalSection(SolutionConfigurationPlatforms) = preSolution
		Debug|Any CPU = Debug|Any CPU
		Release|Any CPU = Release|Any CPU
	EndGlobalSection
	GlobalSection(ProjectConfigurationPlatforms) = postSolution
		{EC44A99A-35FC-44F9-B9F9-B2BEE9B195B2}.Debug|Any CPU.ActiveCfg = Debug|Any CPU
		{EC44A99A-35FC-44F9-B9F9-B2BEE9B195B2}.Debug|Any CPU.Build.0 = Debug|Any CPU
		{EC44A99A-35FC-44F9-B9F9-B2BEE9B195B2}.Release|Any CPU.ActiveCfg = Release|Any CPU
		{EC44A99A-35FC-44F9-B9F9-B2BEE9B195B2}.Release|Any CPU.Build.0 = Release|Any CPU
	EndGlobalSection
	GlobalSection(SolutionProperties) = preSolution
		HideSolutionNode = FALSE
	EndGlobalSection
	GlobalSection(ExtensibilityGlobals) = postSolution
		SolutionGuid = {340C8A36-8E74-4DF4-8AEF-49302B07394D}
	EndGlobalSection
EndGlobal
